hash: e40b08d61ff029b66353e400cc821a421afbd66c3ad45e2e34a2e64de43fe962
updated: 2017-09-19T17:40:50.355130418+02:00
imports:
- name: github.com/aws/aws-sdk-go
  version: 9924c83c280264fb32f34cc5095204c451bedf0c
  subpackages:
  - aws
  - aws/awserr
  - aws/awsutil
  - aws/client
  - aws/client/metadata
  - aws/corehandlers
  - aws/credentials
  - aws/credentials/ec2rolecreds
  - aws/credentials/endpointcreds
  - aws/credentials/stscreds
  - aws/defaults
  - aws/ec2metadata
  - aws/endpoints
  - aws/request
  - aws/session
  - aws/signer/v4
  - internal/shareddefaults
  - private/protocol
  - private/protocol/ec2query
  - private/protocol/query
  - private/protocol/query/queryutil
  - private/protocol/rest
  - private/protocol/xml/xmlutil
  - service/autoscaling
  - service/cloudwatch
  - service/ec2
  - service/sts
- name: github.com/boltdb/bolt
  version: 2f1ce7a837dcb8da3ec595b1dac9d0632f0f99e8
- name: github.com/carlescere/goback
  version: ebe10501f4c4682dd56f50a33dac8cb44f025109
- name: github.com/craigmj/gototp
  version: bbfd598b42caf9b1db7318cae7e10d0b94846f56
- name: github.com/davecgh/go-spew
  version: 346938d642f2ec3594ed81d874461961cd0faa76
  subpackages:
  - spew
- name: github.com/dhamidi/timespec
  version: be9b77fa8b17bd771c1782f246be9194ff5b6792
- name: github.com/go-ini/ini
  version: e7fea39b01aea8d5671f6858f0532f56e8bff3a5
- name: github.com/golang/protobuf
  version: 748d386b5c1ea99658fd69fe9f03991ce86a90c1
  subpackages:
  - proto
  - protoc-gen-go/descriptor
  - ptypes/any
- name: github.com/gorhill/cronexpr
  version: a557574d6c024ed6e36acc8b610f5f211c91568a
- name: github.com/gorilla/context
  version: 08b5f424b9271eedf6f9f0ce86cb9396ed337a42
- name: github.com/gorilla/handlers
  version: a4043c62cc2329bacda331d33fc908ab11ef0ec3
- name: github.com/gorilla/mux
  version: 24fca303ac6da784b9e8269f724ddeb0b2eea5e7
- name: github.com/gorilla/websocket
  version: a91eba7f97777409bc2c443f5534d41dd20c5720
- name: github.com/influxdata/influxdb
  version: 9d9001036d3585cf21925c13a57881bc6c8dcc7e
  subpackages:
  - client/v2
- name: github.com/jameskeane/bcrypt
  version: c3cd44c1e20fec46baad45b108a45be93394dc8d
- name: github.com/jmespath/go-jmespath
  version: bd40a432e4c76585ef6b72d3fd96fb9b6dc7b68d
- name: github.com/jmoiron/sqlx
  version: 8ed836a8adb659e8492bcaa49e0880bb84075fe2
  subpackages:
  - reflectx
  - types
- name: github.com/joho/godotenv
  version: 726cc8b906e3d31c70a9671c90a13716a8d3f50d
- name: github.com/lib/pq
  version: 2704adc878c21e1329f46f6e56a1c387d788ff94
  subpackages:
  - oid
- name: github.com/lionelbarrow/braintree-go
  version: 953a0d2555490f14b7ced09a5110f126c8b496b1
  subpackages:
  - customfields
  - date
  - xmlnil
- name: github.com/mohamedattahri/mail
  version: 52bc9c59063f12d07450d2ce7853cac3d3892a74
- name: github.com/nu7hatch/gouuid
  version: 179d4d0c4d8d407a32af483c2354df1d2c91e6c3
- name: github.com/pkg/errors
  version: 645ef00459ed84a119197bfb8d8205042c6df63d
- name: github.com/rs/zerolog
  version: 89ff8dbc5f047ae9957523b07e627891079f7967
  subpackages:
  - internal/json
  - log
- name: github.com/rubenv/sql-migrate
  version: 38004e7a77f2b350ea8467038dca66073d907725
  subpackages:
  - sqlparse
- name: github.com/streadway/amqp
  version: afe8eee29a74d213b1f3fb2586058157c397da60
- name: golang.org/x/crypto
  version: 9477e0b78b9ac3d0b03822fd95422e2fe07627cd
  subpackages:
  - cast5
  - curve25519
  - ed25519
  - ed25519/internal/edwards25519
  - openpgp
  - openpgp/armor
  - openpgp/elgamal
  - openpgp/errors
  - openpgp/packet
  - openpgp/s2k
  - ssh
  - ssh/terminal
- name: golang.org/x/net
  version: f5079bd7f6f74e23c4d65efa0f4ce14cbd6a3c0f
  subpackages:
  - context
  - http2
  - http2/hpack
  - idna
  - internal/timeseries
  - lex/httplex
  - trace
- name: golang.org/x/sys
  version: f3918c30c5c2cb527c0b071a27c35120a6c0719a
  subpackages:
  - unix
- name: golang.org/x/text
  version: 836efe42bb4aa16aaa17b9c155d8813d336ed720
  subpackages:
  - secure/bidirule
  - transform
  - unicode/bidi
  - unicode/norm
- name: google.golang.org/genproto
  version: b0a3dcfcd1a9bd48e63634bd8802960804cf8315
  subpackages:
  - googleapis/rpc/status
- name: google.golang.org/grpc
  version: d2e1b51f33ff8c5e4a15560ff049d200e83726c5
  subpackages:
  - codes
  - credentials
  - grpclb/grpc_lb_v1
  - grpclog
  - internal
  - keepalive
  - metadata
  - naming
  - peer
  - reflection
  - reflection/grpc_reflection_v1alpha
  - stats
  - status
  - tap
  - transport
- name: gopkg.in/alexcesaro/quotedprintable.v3
  version: 2caba252f4dc53eaf6b553000885530023f54623
- name: gopkg.in/bufio.v1
  version: 567b2bfa514e796916c4747494d6ff5132a1dfce
- name: gopkg.in/gorp.v1
  version: c87af80f3cc5036b55b83d77171e156791085e2e
- name: gopkg.in/igm/sockjs-go.v2
  version: d276e9ffe5cc5c271b81198cc77a2adf6c4482d2
  subpackages:
  - sockjs
- name: gopkg.in/redis.v2
  version: e6179049628164864e6e84e973cfb56335748dea
testImports: []
